// !$*UTF8*$!
{
	archiveVersion = 1;
	classes = {
	};
	objectVersion = 46;
	objects = {

/* Begin PBXBuildFile section */
		0908DF9014E6DB2300C91B7D /* Foundation.framework in Frameworks */ = {isa = PBXBuildFile; fileRef = 0908DF8F14E6DB2300C91B7D /* Foundation.framework */; };
		0908DF9314E6DB2300C91B7D /* main.m in Sources */ = {isa = PBXBuildFile; fileRef = 0908DF9214E6DB2300C91B7D /* main.m */; };
		0908DF9714E6DB2300C91B7D /* omnifocus.1 in CopyFiles */ = {isa = PBXBuildFile; fileRef = 0908DF9614E6DB2300C91B7D /* omnifocus.1 */; };
		0908DFD214E7031300C91B7D /* ScriptingBridge.framework in Frameworks */ = {isa = PBXBuildFile; fileRef = 0908DFD114E7031300C91B7D /* ScriptingBridge.framework */; };
/* End PBXBuildFile section */

/* Begin PBXCopyFilesBuildPhase section */
		0908DF8914E6DB2300C91B7D /* CopyFiles */ = {
			isa = PBXCopyFilesBuildPhase;
			buildActionMask = 2147483647;
			dstPath = /usr/share/man/man1/;
			dstSubfolderSpec = 0;
			files = (
				0908DF9714E6DB2300C91B7D /* omnifocus.1 in CopyFiles */,
			);
			runOnlyForDeploymentPostprocessing = 1;
		};
/* End PBXCopyFilesBuildPhase section */

/* Begin PBXFileReference section */
		0908DF8B14E6DB2300C91B7D /* omnifocus */ = {isa = PBXFileReference; explicitFileType = "compiled.mach-o.executable"; includeInIndex = 0; path = omnifocus; sourceTree = BUILT_PRODUCTS_DIR; };
		0908DF8F14E6DB2300C91B7D /* Foundation.framework */ = {isa = PBXFileReference; lastKnownFileType = wrapper.framework; name = Foundation.framework; path = System/Library/Frameworks/Foundation.framework; sourceTree = SDKROOT; };
		0908DF9214E6DB2300C91B7D /* main.m */ = {isa = PBXFileReference; lastKnownFileType = sourcecode.c.objc; path = main.m; sourceTree = "<group>"; };
		0908DF9514E6DB2300C91B7D /* omnifocus-Prefix.pch */ = {isa = PBXFileReference; lastKnownFileType = sourcecode.c.h; path = "omnifocus-Prefix.pch"; sourceTree = "<group>"; };
		0908DF9614E6DB2300C91B7D /* omnifocus.1 */ = {isa = PBXFileReference; lastKnownFileType = text.man; path = omnifocus.1; sourceTree = "<group>"; };
		0908DFD014E6FD5500C91B7D /* Omnifocus.h */ = {isa = PBXFileReference; fileEncoding = 4; lastKnownFileType = sourcecode.c.h; name = Omnifocus.h; path = ../../../Dropbox/omnifocus_cli/Omnifocus.h; sourceTree = "<group>"; };
		0908DFD114E7031300C91B7D /* ScriptingBridge.framework */ = {isa = PBXFileReference; lastKnownFileType = wrapper.framework; name = ScriptingBridge.framework; path = System/Library/Frameworks/ScriptingBridge.framework; sourceTree = SDKROOT; };
/* End PBXFileReference section */

/* Begin PBXFrameworksBuildPhase section */
		0908DF8814E6DB2300C91B7D /* Frameworks */ = {
			isa = PBXFrameworksBuildPhase;
			buildActionMask = 2147483647;
			files = (
				0908DFD214E7031300C91B7D /* ScriptingBridge.framework in Frameworks */,
				0908DF9014E6DB2300C91B7D /* Foundation.framework in Frameworks */,
			);
			runOnlyForDeploymentPostprocessing = 0;
		};
/* End PBXFrameworksBuildPhase section */

/* Begin PBXGroup section */
		0908DF8014E6DB2300C91B7D = {
			isa = PBXGroup;
			children = (
				0908DFD114E7031300C91B7D /* ScriptingBridge.framework */,
				0908DF9114E6DB2300C91B7D /* omnifocus */,
				0908DF8E14E6DB2300C91B7D /* Frameworks */,
				0908DF8C14E6DB2300C91B7D /* Products */,
			);
			sourceTree = "<group>";
		};
		0908DF8C14E6DB2300C91B7D /* Products */ = {
			isa = PBXGroup;
			children = (
				0908DF8B14E6DB2300C91B7D /* omnifocus */,
			);
			name = Products;
			sourceTree = "<group>";
		};
		0908DF8E14E6DB2300C91B7D /* Frameworks */ = {
			isa = PBXGroup;
			children = (
				0908DF8F14E6DB2300C91B7D /* Foundation.framework */,
			);
			name = Frameworks;
			sourceTree = "<group>";
		};
		0908DF9114E6DB2300C91B7D /* omnifocus */ = {
			isa = PBXGroup;
			children = (
				0908DFD014E6FD5500C91B7D /* Omnifocus.h */,
				0908DF9214E6DB2300C91B7D /* main.m */,
				0908DF9614E6DB2300C91B7D /* omnifocus.1 */,
				0908DF9414E6DB2300C91B7D /* Supporting Files */,
			);
			path = omnifocus;
			sourceTree = "<group>";
		};
		0908DF9414E6DB2300C91B7D /* Supporting Files */ = {
			isa = PBXGroup;
			children = (
				0908DF9514E6DB2300C91B7D /* omnifocus-Prefix.pch */,
			);
			name = "Supporting Files";
			sourceTree = "<group>";
		};
/* End PBXGroup section */

/* Begin PBXNativeTarget section */
		0908DF8A14E6DB2300C91B7D /* omnifocus */ = {
			isa = PBXNativeTarget;
			buildConfigurationList = 0908DF9A14E6DB2300C91B7D /* Build configuration list for PBXNativeTarget "omnifocus" */;
			buildPhases = (
				0908DF8714E6DB2300C91B7D /* Sources */,
				0908DF8814E6DB2300C91B7D /* Frameworks */,
				0908DF8914E6DB2300C91B7D /* CopyFiles */,
			);
			buildRules = (
			);
			dependencies = (
			);
			name = omnifocus;
			productName = omnifocus;
			productReference = 0908DF8B14E6DB2300C91B7D /* omnifocus */;
			productType = "com.apple.product-type.tool";
		};
/* End PBXNativeTarget section */

/* Begin PBXProject section */
		0908DF8214E6DB2300C91B7D /* Project object */ = {
			isa = PBXProject;
			attributes = {
				ORGANIZATIONNAME = Personal;
			};
			buildConfigurationList = 0908DF8514E6DB2300C91B7D /* Build configuration list for PBXProject "omnifocus" */;
			compatibilityVersion = "Xcode 3.2";
			developmentRegion = English;
			hasScannedForEncodings = 0;
			knownRegions = (
				en,
			);
			mainGroup = 0908DF8014E6DB2300C91B7D;
			productRefGroup = 0908DF8C14E6DB2300C91B7D /* Products */;
			projectDirPath = "";
			projectRoot = "";
			targets = (
				0908DF8A14E6DB2300C91B7D /* omnifocus */,
			);
		};
/* End PBXProject section */

/* Begin PBXSourcesBuildPhase section */
		0908DF8714E6DB2300C91B7D /* Sources */ = {
			isa = PBXSourcesBuildPhase;
			buildActionMask = 2147483647;
			files = (
				0908DF9314E6DB2300C91B7D /* main.m in Sources */,
			);
			runOnlyForDeploymentPostprocessing = 0;
		};
/* End PBXSourcesBuildPhase section */

/* Begin XCBuildConfiguration section */
		0908DF9814E6DB2300C91B7D /* Debug */ = {
			isa = XCBuildConfiguration;
			buildSettings = {
				ALWAYS_SEARCH_USER_PATHS = NO;
				ARCHS = "$(ARCHS_STANDARD_64_BIT)";
				COPY_PHASE_STRIP = NO;
				GCC_C_LANGUAGE_STANDARD = gnu99;
				GCC_DYNAMIC_NO_PIC = NO;
				GCC_ENABLE_OBJC_EXCEPTIONS = YES;
				GCC_OPTIMIZATION_LEVEL = 0;
				GCC_PREPROCESSOR_DEFINITIONS = (
					"DEBUG=1",
					"$(inherited)",
				);
				GCC_SYMBOLS_PRIVATE_EXTERN = NO;
				GCC_VERSION = com.apple.compilers.llvm.clang.1_0;
				GCC_WARN_64_TO_32_BIT_CONVERSION = YES;
				GCC_WARN_ABOUT_MISSING_PROTOTYPES = YES;
				GCC_WARN_ABOUT_RETURN_TYPE = YES;
				GCC_WARN_UNUSED_VARIABLE = YES;
				MACOSX_DEPLOYMENT_TARGET = 10.7;
				ONLY_ACTIVE_ARCH = YES;
				SDKROOT = macosx;
			};
			name = Debug;
		};
		0908DF9914E6DB2300C91B7D /* Release */ = {
			isa = XCBuildConfiguration;
			buildSettings = {
				ALWAYS_SEARCH_USER_PATHS = NO;
				ARCHS = "$(ARCHS_STANDARD_64_BIT)";
				COPY_PHASE_STRIP = YES;
				DEBUG_INFORMATION_FORMAT = "dwarf-with-dsym";
				GCC_C_LANGUAGE_STANDARD = gnu99;
				GCC_ENABLE_OBJC_EXCEPTIONS = YES;
				GCC_VERSION = com.apple.compilers.llvm.clang.1_0;
				GCC_WARN_64_TO_32_BIT_CONVERSION = YES;
				GCC_WARN_ABOUT_MISSING_PROTOTYPES = YES;
				GCC_WARN_ABOUT_RETURN_TYPE = YES;
				GCC_WARN_UNUSED_VARIABLE = YES;
				MACOSX_DEPLOYMENT_TARGET = 10.7;
				SDKROOT = macosx;
			};
			name = Release;
		};
		0908DF9B14E6DB2300C91B7D /* Debug */ = {
			isa = XCBuildConfiguration;
			buildSettings = {
				GCC_PRECOMPILE_PREFIX_HEADER = YES;
				GCC_PREFIX_HEADER = "omnifocus/omnifocus-Prefix.pch";
				PRODUCT_NAME = "$(TARGET_NAME)";
			};
			name = Debug;
		};
		0908DF9C14E6DB2300C91B7D /* Release */ = {
			isa = XCBuildConfiguration;
			buildSettings = {
				GCC_PRECOMPILE_PREFIX_HEADER = YES;
				GCC_PREFIX_HEADER = "omnifocus/omnifocus-Prefix.pch";
				PRODUCT_NAME = "$(TARGET_NAME)";
			};
			name = Release;
		};
/* End XCBuildConfiguration section */

/* Begin XCConfigurationList section */
		0908DF8514E6DB2300C91B7D /* Build configuration list for PBXProject "omnifocus" */ = {
			isa = XCConfigurationList;
			buildConfigurations = (
				0908DF9814E6DB2300C91B7D /* Debug */,
				0908DF9914E6DB2300C91B7D /* Release */,
			);
			defaultConfigurationIsVisible = 0;
			defaultConfigurationName = Release;
		};
		0908DF9A14E6DB2300C91B7D /* Build configuration list for PBXNativeTarget "omnifocus" */ = {
			isa = XCConfigurationList;
			buildConfigurations = (
				0908DF9B14E6DB2300C91B7D /* Debug */,
				0908DF9C14E6DB2300C91B7D /* Release */,
			);
			defaultConfigurationIsVisible = 0;
		};
/* End XCConfigurationList section */
	};
	rootObject = 0908DF8214E6DB2300C91B7D /* Project object */;
}
